
Microsoft Visual Studio Solution File, Format Version 12.00
# Visual Studio Version 17
VisualStudioVersion = 17.14.36212.18 d17.14
MinimumVisualStudioVersion = 10.0.40219.1
Project("{FAE04EC0-301F-11D3-BF4B-00C04F79EFBC}") = "NoteTaking", "NoteTaking\NoteTaking.csproj", "{2105BC0E-68E2-4670-943E-4DAE94D74B53}"
EndProject
Global
	GlobalSection(SolutionConfigurationPlatforms) = preSolution
		Debug|Any CPU = Debug|Any CPU
		Release|Any CPU = Release|Any CPU
	EndGlobalSection
	GlobalSection(ProjectConfigurationPlatforms) = postSolution
		{2105BC0E-68E2-4670-943E-4DAE94D74B53}.Debug|Any CPU.ActiveCfg = Debug|Any CPU
		{2105BC0E-68E2-4670-943E-4DAE94D74B53}.Debug|Any CPU.Build.0 = Debug|Any CPU
		{2105BC0E-68E2-4670-943E-4DAE94D74B53}.Release|Any CPU.ActiveCfg = Release|Any CPU
		{2105BC0E-68E2-4670-943E-4DAE94D74B53}.Release|Any CPU.Build.0 = Release|Any CPU
	EndGlobalSection
	GlobalSection(SolutionProperties) = preSolution
		HideSolutionNode = FALSE
	EndGlobalSection
	GlobalSection(ExtensibilityGlobals) = postSolution
		SolutionGuid = {A2DF7EEA-5190-4C80-B689-3FD88427993C}
	EndGlobalSection
EndGlobal
